
Microsoft Visual Studio Solution File, Format Version 12.00
# Visual Studio 15
VisualStudioVersion = 15.0.28307.1022
MinimumVisualStudioVersion = 10.0.40219.1
Project("{FAE04EC0-301F-11D3-BF4B-00C04F79EFBC}") = "LINQ_Semenov D.A", "LINQ_Semenov D.A\LINQ_Semenov D.A.csproj", "{0A5FC005-9586-4C6A-B438-8D276AC204F7}"
EndProject
Project("{FAE04EC0-301F-11D3-BF4B-00C04F79EFBC}") = "Задача№22", "Задача№22\Задача№22.csproj", "{CCADEEC0-145F-4F18-BB9D-E71E4CA479CC}"
EndProject
Project("{FAE04EC0-301F-11D3-BF4B-00C04F79EFBC}") = "Задача№38", "Задача№38\Задача№38.csproj", "{F6CBB62D-EECD-4C99-8AA7-EB0464791C10}"
EndProject
Project("{FAE04EC0-301F-11D3-BF4B-00C04F79EFBC}") = "Задача№54", "Задача№54\Задача№54.csproj", "{2451A6A3-7463-4F21-90A8-69570EE79551}"
EndProject
Project("{FAE04EC0-301F-11D3-BF4B-00C04F79EFBC}") = "LINQObj Task6", "LINQObj Task6\LINQObj Task6.csproj", "{83A84EEE-B144-430A-9FF4-489722AF4F4F}"
EndProject
Project("{FAE04EC0-301F-11D3-BF4B-00C04F79EFBC}") = "LINQObj Task 38", "LINQObj Task 46\LINQObj Task 38.csproj", "{57583385-C6BF-4F80-A2BB-2B45A17B4BC2}"
EndProject
Project("{FAE04EC0-301F-11D3-BF4B-00C04F79EFBC}") = "LINQObj Task 22", "LINQObj Task 22\LINQObj Task 22.csproj", "{E787AD23-AD93-43B5-B434-4B952FB5FDA0}"
EndProject
Global
	GlobalSection(SolutionConfigurationPlatforms) = preSolution
		Debug|Any CPU = Debug|Any CPU
		Release|Any CPU = Release|Any CPU
	EndGlobalSection
	GlobalSection(ProjectConfigurationPlatforms) = postSolution
		{0A5FC005-9586-4C6A-B438-8D276AC204F7}.Debug|Any CPU.ActiveCfg = Debug|Any CPU
		{0A5FC005-9586-4C6A-B438-8D276AC204F7}.Debug|Any CPU.Build.0 = Debug|Any CPU
		{0A5FC005-9586-4C6A-B438-8D276AC204F7}.Release|Any CPU.ActiveCfg = Release|Any CPU
		{0A5FC005-9586-4C6A-B438-8D276AC204F7}.Release|Any CPU.Build.0 = Release|Any CPU
		{CCADEEC0-145F-4F18-BB9D-E71E4CA479CC}.Debug|Any CPU.ActiveCfg = Debug|Any CPU
		{CCADEEC0-145F-4F18-BB9D-E71E4CA479CC}.Debug|Any CPU.Build.0 = Debug|Any CPU
		{CCADEEC0-145F-4F18-BB9D-E71E4CA479CC}.Release|Any CPU.ActiveCfg = Release|Any CPU
		{CCADEEC0-145F-4F18-BB9D-E71E4CA479CC}.Release|Any CPU.Build.0 = Release|Any CPU
		{F6CBB62D-EECD-4C99-8AA7-EB0464791C10}.Debug|Any CPU.ActiveCfg = Debug|Any CPU
		{F6CBB62D-EECD-4C99-8AA7-EB0464791C10}.Debug|Any CPU.Build.0 = Debug|Any CPU
		{F6CBB62D-EECD-4C99-8AA7-EB0464791C10}.Release|Any CPU.ActiveCfg = Release|Any CPU
		{F6CBB62D-EECD-4C99-8AA7-EB0464791C10}.Release|Any CPU.Build.0 = Release|Any CPU
		{2451A6A3-7463-4F21-90A8-69570EE79551}.Debug|Any CPU.ActiveCfg = Debug|Any CPU
		{2451A6A3-7463-4F21-90A8-69570EE79551}.Debug|Any CPU.Build.0 = Debug|Any CPU
		{2451A6A3-7463-4F21-90A8-69570EE79551}.Release|Any CPU.ActiveCfg = Release|Any CPU
		{2451A6A3-7463-4F21-90A8-69570EE79551}.Release|Any CPU.Build.0 = Release|Any CPU
		{83A84EEE-B144-430A-9FF4-489722AF4F4F}.Debug|Any CPU.ActiveCfg = Debug|Any CPU
		{83A84EEE-B144-430A-9FF4-489722AF4F4F}.Debug|Any CPU.Build.0 = Debug|Any CPU
		{83A84EEE-B144-430A-9FF4-489722AF4F4F}.Release|Any CPU.ActiveCfg = Release|Any CPU
		{83A84EEE-B144-430A-9FF4-489722AF4F4F}.Release|Any CPU.Build.0 = Release|Any CPU
		{57583385-C6BF-4F80-A2BB-2B45A17B4BC2}.Debug|Any CPU.ActiveCfg = Debug|Any CPU
		{57583385-C6BF-4F80-A2BB-2B45A17B4BC2}.Debug|Any CPU.Build.0 = Debug|Any CPU
		{57583385-C6BF-4F80-A2BB-2B45A17B4BC2}.Release|Any CPU.ActiveCfg = Release|Any CPU
		{57583385-C6BF-4F80-A2BB-2B45A17B4BC2}.Release|Any CPU.Build.0 = Release|Any CPU
		{E787AD23-AD93-43B5-B434-4B952FB5FDA0}.Debug|Any CPU.ActiveCfg = Debug|Any CPU
		{E787AD23-AD93-43B5-B434-4B952FB5FDA0}.Debug|Any CPU.Build.0 = Debug|Any CPU
		{E787AD23-AD93-43B5-B434-4B952FB5FDA0}.Release|Any CPU.ActiveCfg = Release|Any CPU
		{E787AD23-AD93-43B5-B434-4B952FB5FDA0}.Release|Any CPU.Build.0 = Release|Any CPU
	EndGlobalSection
	GlobalSection(SolutionProperties) = preSolution
		HideSolutionNode = FALSE
	EndGlobalSection
	GlobalSection(ExtensibilityGlobals) = postSolution
		SolutionGuid = {E3894A44-7CCA-4CE4-804B-EC5CAF04AEDA}
	EndGlobalSection
EndGlobal
